
Microsoft Visual Studio Solution File, Format Version 12.00
# Visual Studio Version 17
VisualStudioVersion = 17.11.35208.52
MinimumVisualStudioVersion = 10.0.40219.1
Project("{FAE04EC0-301F-11D3-BF4B-00C04F79EFBC}") = "NewSuperMarket2025", "NewSuperMarket2025\NewSuperMarket2025.csproj", "{7D82EBB1-DD9B-4E5B-8B85-5060502F0139}"
EndProject
Global
	GlobalSection(SolutionConfigurationPlatforms) = preSolution
		Debug|Any CPU = Debug|Any CPU
		Release|Any CPU = Release|Any CPU
	EndGlobalSection
	GlobalSection(ProjectConfigurationPlatforms) = postSolution
		{7D82EBB1-DD9B-4E5B-8B85-5060502F0139}.Debug|Any CPU.ActiveCfg = Debug|Any CPU
		{7D82EBB1-DD9B-4E5B-8B85-5060502F0139}.Debug|Any CPU.Build.0 = Debug|Any CPU
		{7D82EBB1-DD9B-4E5B-8B85-5060502F0139}.Release|Any CPU.ActiveCfg = Release|Any CPU
		{7D82EBB1-DD9B-4E5B-8B85-5060502F0139}.Release|Any CPU.Build.0 = Release|Any CPU
	EndGlobalSection
	GlobalSection(SolutionProperties) = preSolution
		HideSolutionNode = FALSE
	EndGlobalSection
	GlobalSection(ExtensibilityGlobals) = postSolution
		SolutionGuid = {3ADAC379-621F-4876-B54F-2F92048F66F2}
	EndGlobalSection
EndGlobal
